
Microsoft Visual Studio Solution File, Format Version 12.00
# Visual Studio 15
VisualStudioVersion = 15.0.28307.271
MinimumVisualStudioVersion = 10.0.40219.1
Project("{2150E333-8FDC-42A3-9474-1A3956D46DE8}") = "Application", "Application", "{0874CF6D-73AD-41A9-995A-84860F80292E}"
EndProject
Project("{2150E333-8FDC-42A3-9474-1A3956D46DE8}") = "Core", "Core", "{CC9D397D-D73E-4343-8BD0-A01F615EE3EA}"
EndProject
Project("{2150E333-8FDC-42A3-9474-1A3956D46DE8}") = "Provider", "Provider", "{8E23AD95-2EAA-4925-A27D-32F3DDAC9727}"
EndProject
Project("{FAE04EC0-301F-11D3-BF4B-00C04F79EFBC}") = "api.adm.gestaosala.core", "api.adm.core\api.adm.gestaosala.core.csproj", "{C2095CD0-5FA7-41DF-930D-2CD185A136E0}"
EndProject
Project("{FAE04EC0-301F-11D3-BF4B-00C04F79EFBC}") = "api.adm.gestaosala.provider", "api.adm.gestaosala.provider\api.adm.gestaosala.provider.csproj", "{AC6286A3-6E70-414D-ACD2-221A14D12BD9}"
EndProject
Project("{FAE04EC0-301F-11D3-BF4B-00C04F79EFBC}") = "api.adm.gestaosala", "api.adm.gestaosala\api.adm.gestaosala.csproj", "{363B82AC-6D50-467D-AA6C-8BEE63AD841D}"
EndProject
Global
	GlobalSection(SolutionConfigurationPlatforms) = preSolution
		Debug|Any CPU = Debug|Any CPU
		Release|Any CPU = Release|Any CPU
	EndGlobalSection
	GlobalSection(ProjectConfigurationPlatforms) = postSolution
		{C2095CD0-5FA7-41DF-930D-2CD185A136E0}.Debug|Any CPU.ActiveCfg = Debug|Any CPU
		{C2095CD0-5FA7-41DF-930D-2CD185A136E0}.Debug|Any CPU.Build.0 = Debug|Any CPU
		{C2095CD0-5FA7-41DF-930D-2CD185A136E0}.Release|Any CPU.ActiveCfg = Release|Any CPU
		{C2095CD0-5FA7-41DF-930D-2CD185A136E0}.Release|Any CPU.Build.0 = Release|Any CPU
		{AC6286A3-6E70-414D-ACD2-221A14D12BD9}.Debug|Any CPU.ActiveCfg = Debug|Any CPU
		{AC6286A3-6E70-414D-ACD2-221A14D12BD9}.Debug|Any CPU.Build.0 = Debug|Any CPU
		{AC6286A3-6E70-414D-ACD2-221A14D12BD9}.Release|Any CPU.ActiveCfg = Release|Any CPU
		{AC6286A3-6E70-414D-ACD2-221A14D12BD9}.Release|Any CPU.Build.0 = Release|Any CPU
		{363B82AC-6D50-467D-AA6C-8BEE63AD841D}.Debug|Any CPU.ActiveCfg = Debug|Any CPU
		{363B82AC-6D50-467D-AA6C-8BEE63AD841D}.Debug|Any CPU.Build.0 = Debug|Any CPU
		{363B82AC-6D50-467D-AA6C-8BEE63AD841D}.Release|Any CPU.ActiveCfg = Release|Any CPU
		{363B82AC-6D50-467D-AA6C-8BEE63AD841D}.Release|Any CPU.Build.0 = Release|Any CPU
	EndGlobalSection
	GlobalSection(SolutionProperties) = preSolution
		HideSolutionNode = FALSE
	EndGlobalSection
	GlobalSection(NestedProjects) = preSolution
		{C2095CD0-5FA7-41DF-930D-2CD185A136E0} = {CC9D397D-D73E-4343-8BD0-A01F615EE3EA}
		{AC6286A3-6E70-414D-ACD2-221A14D12BD9} = {8E23AD95-2EAA-4925-A27D-32F3DDAC9727}
		{363B82AC-6D50-467D-AA6C-8BEE63AD841D} = {0874CF6D-73AD-41A9-995A-84860F80292E}
	EndGlobalSection
	GlobalSection(ExtensibilityGlobals) = postSolution
		SolutionGuid = {B159D8E8-8CB1-4D25-8A72-75C7BB13F4A0}
	EndGlobalSection
EndGlobal
